
Microsoft Visual Studio Solution File, Format Version 12.00
# Visual Studio Version 17
VisualStudioVersion = 17.13.36105.23 d17.13
MinimumVisualStudioVersion = 10.0.40219.1
Project("{FAE04EC0-301F-11D3-BF4B-00C04F79EFBC}") = "CodeRefineLibrary", "CodeRefineLibrary\CodeRefineLibrary.csproj", "{C3B956C2-8B21-457C-A973-6C53879219AC}"
EndProject
Project("{FAE04EC0-301F-11D3-BF4B-00C04F79EFBC}") = "CodeRefineUI", "CodeRefineUI\CodeRefineUI.csproj", "{9EE284A6-A29D-4E32-9418-070AD561D31F}"
EndProject
Global
	GlobalSection(SolutionConfigurationPlatforms) = preSolution
		Debug|Any CPU = Debug|Any CPU
		Release|Any CPU = Release|Any CPU
	EndGlobalSection
	GlobalSection(ProjectConfigurationPlatforms) = postSolution
		{C3B956C2-8B21-457C-A973-6C53879219AC}.Debug|Any CPU.ActiveCfg = Debug|Any CPU
		{C3B956C2-8B21-457C-A973-6C53879219AC}.Debug|Any CPU.Build.0 = Debug|Any CPU
		{C3B956C2-8B21-457C-A973-6C53879219AC}.Release|Any CPU.ActiveCfg = Release|Any CPU
		{C3B956C2-8B21-457C-A973-6C53879219AC}.Release|Any CPU.Build.0 = Release|Any CPU
		{9EE284A6-A29D-4E32-9418-070AD561D31F}.Debug|Any CPU.ActiveCfg = Debug|Any CPU
		{9EE284A6-A29D-4E32-9418-070AD561D31F}.Debug|Any CPU.Build.0 = Debug|Any CPU
		{9EE284A6-A29D-4E32-9418-070AD561D31F}.Release|Any CPU.ActiveCfg = Release|Any CPU
		{9EE284A6-A29D-4E32-9418-070AD561D31F}.Release|Any CPU.Build.0 = Release|Any CPU
	EndGlobalSection
	GlobalSection(SolutionProperties) = preSolution
		HideSolutionNode = FALSE
	EndGlobalSection
	GlobalSection(ExtensibilityGlobals) = postSolution
		SolutionGuid = {028C6521-0047-4C06-9F17-061A7C861CB8}
	EndGlobalSection
EndGlobal
